
Microsoft Visual Studio Solution File, Format Version 12.00
# Visual Studio Version 17
VisualStudioVersion = 17.4.33213.308
MinimumVisualStudioVersion = 10.0.40219.1
Project("{8BC9CEB8-8B4A-11D0-8D11-00A0C91BC942}") = "KapitalRechnen_c++", "KapitalRechnen_c++\KapitalRechnen_c++.vcxproj", "{0F571DE1-9B7F-48EC-A5D3-EC4447E443B2}"
EndProject
Global
	GlobalSection(SolutionConfigurationPlatforms) = preSolution
		Debug|x64 = Debug|x64
		Debug|x86 = Debug|x86
		Release|x64 = Release|x64
		Release|x86 = Release|x86
	EndGlobalSection
	GlobalSection(ProjectConfigurationPlatforms) = postSolution
		{0F571DE1-9B7F-48EC-A5D3-EC4447E443B2}.Debug|x64.ActiveCfg = Debug|x64
		{0F571DE1-9B7F-48EC-A5D3-EC4447E443B2}.Debug|x64.Build.0 = Debug|x64
		{0F571DE1-9B7F-48EC-A5D3-EC4447E443B2}.Debug|x86.ActiveCfg = Debug|Win32
		{0F571DE1-9B7F-48EC-A5D3-EC4447E443B2}.Debug|x86.Build.0 = Debug|Win32
		{0F571DE1-9B7F-48EC-A5D3-EC4447E443B2}.Release|x64.ActiveCfg = Release|x64
		{0F571DE1-9B7F-48EC-A5D3-EC4447E443B2}.Release|x64.Build.0 = Release|x64
		{0F571DE1-9B7F-48EC-A5D3-EC4447E443B2}.Release|x86.ActiveCfg = Release|Win32
		{0F571DE1-9B7F-48EC-A5D3-EC4447E443B2}.Release|x86.Build.0 = Release|Win32
	EndGlobalSection
	GlobalSection(SolutionProperties) = preSolution
		HideSolutionNode = FALSE
	EndGlobalSection
	GlobalSection(ExtensibilityGlobals) = postSolution
		SolutionGuid = {9205AC80-114E-431E-9EBE-91BCF54D1EB9}
	EndGlobalSection
EndGlobal
